Microsoft Visual Studio Solution File, Format Version 12.00
# Visual Studio 15
VisualStudioVersion = 15.0.26430.16
MinimumVisualStudioVersion = 10.0.40219.1
Project("{FAE04EC0-301F-11D3-BF4B-00C04F79EFBC}") = "MyGameEngine.Tests", "MyGameEngine.Tests\MyGameEngine.Tests.csproj", "{C54F95E6-2FF9-4B84-A380-BAE99566A7DA}"
EndProject
Project("{FAE04EC0-301F-11D3-BF4B-00C04F79EFBC}") = "MyGameEngine", "MyGameEngine\MyGameEngine.csproj", "{7EACDF59-A11F-4CBE-8BBA-7C4A49B15746}"
EndProject
Global
	GlobalSection(SolutionConfigurationPlatforms) = preSolution
		Debug|Any CPU = Debug|Any CPU
		Debug|x64 = Debug|x64
		Debug|x86 = Debug|x86
		Release|Any CPU = Release|Any CPU
		Release|x64 = Release|x64
		Release|x86 = Release|x86
	EndGlobalSection
	GlobalSection(ProjectConfigurationPlatforms) = postSolution
		{C54F95E6-2FF9-4B84-A380-BAE99566A7DA}.Debug|Any CPU.ActiveCfg = Debug|Any CPU
		{C54F95E6-2FF9-4B84-A380-BAE99566A7DA}.Debug|Any CPU.Build.0 = Debug|Any CPU
		{C54F95E6-2FF9-4B84-A380-BAE99566A7DA}.Debug|x64.ActiveCfg = Debug|Any CPU
		{C54F95E6-2FF9-4B84-A380-BAE99566A7DA}.Debug|x64.Build.0 = Debug|Any CPU
		{C54F95E6-2FF9-4B84-A380-BAE99566A7DA}.Debug|x86.ActiveCfg = Debug|Any CPU
		{C54F95E6-2FF9-4B84-A380-BAE99566A7DA}.Debug|x86.Build.0 = Debug|Any CPU
		{C54F95E6-2FF9-4B84-A380-BAE99566A7DA}.Release|Any CPU.ActiveCfg = Release|Any CPU
		{C54F95E6-2FF9-4B84-A380-BAE99566A7DA}.Release|Any CPU.Build.0 = Release|Any CPU
		{C54F95E6-2FF9-4B84-A380-BAE99566A7DA}.Release|x64.ActiveCfg = Release|Any CPU
		{C54F95E6-2FF9-4B84-A380-BAE99566A7DA}.Release|x64.Build.0 = Release|Any CPU
		{C54F95E6-2FF9-4B84-A380-BAE99566A7DA}.Release|x86.ActiveCfg = Release|Any CPU
		{C54F95E6-2FF9-4B84-A380-BAE99566A7DA}.Release|x86.Build.0 = Release|Any CPU
		{7EACDF59-A11F-4CBE-8BBA-7C4A49B15746}.Debug|Any CPU.ActiveCfg = Debug|Any CPU
		{7EACDF59-A11F-4CBE-8BBA-7C4A49B15746}.Debug|Any CPU.Build.0 = Debug|Any CPU
		{7EACDF59-A11F-4CBE-8BBA-7C4A49B15746}.Debug|x64.ActiveCfg = Debug|Any CPU
		{7EACDF59-A11F-4CBE-8BBA-7C4A49B15746}.Debug|x64.Build.0 = Debug|Any CPU
		{7EACDF59-A11F-4CBE-8BBA-7C4A49B15746}.Debug|x86.ActiveCfg = Debug|Any CPU
		{7EACDF59-A11F-4CBE-8BBA-7C4A49B15746}.Debug|x86.Build.0 = Debug|Any CPU
		{7EACDF59-A11F-4CBE-8BBA-7C4A49B15746}.Release|Any CPU.ActiveCfg = Release|Any CPU
		{7EACDF59-A11F-4CBE-8BBA-7C4A49B15746}.Release|Any CPU.Build.0 = Release|Any CPU
		{7EACDF59-A11F-4CBE-8BBA-7C4A49B15746}.Release|x64.ActiveCfg = Release|Any CPU
		{7EACDF59-A11F-4CBE-8BBA-7C4A49B15746}.Release|x64.Build.0 = Release|Any CPU
		{7EACDF59-A11F-4CBE-8BBA-7C4A49B15746}.Release|x86.ActiveCfg = Release|Any CPU
		{7EACDF59-A11F-4CBE-8BBA-7C4A49B15746}.Release|x86.Build.0 = Release|Any CPU
	EndGlobalSection
	GlobalSection(SolutionProperties) = preSolution
		HideSolutionNode = FALSE
	EndGlobalSection
EndGlobal
